// !$*UTF8*$!
{
	archiveVersion = 1;
	classes = {
	};
	objectVersion = 56;
	objects = {

/* Begin PBXBuildFile section */
		256A82C8294B718D005DA7AC /* homeListButtonOne.swift in Sources */ = {isa = PBXBuildFile; fileRef = 256A82C7294B718D005DA7AC /* homeListButtonOne.swift */; };
		256A82CB294B7FF7005DA7AC /* SwiftUICharts in Frameworks */ = {isa = PBXBuildFile; productRef = 256A82CA294B7FF7005DA7AC /* SwiftUICharts */; };
		53558EA0294264D500ECD966 /* profileScreen.swift in Sources */ = {isa = PBXBuildFile; fileRef = 53558E9F294264D500ECD966 /* profileScreen.swift */; };
		53558EC52949007D00ECD966 /* settingsScreen.swift in Sources */ = {isa = PBXBuildFile; fileRef = 53558EC42949007D00ECD966 /* settingsScreen.swift */; };
		53B8350D292BFBC0003259E2 /* HealthMoniterApp.swift in Sources */ = {isa = PBXBuildFile; fileRef = 53B8350C292BFBC0003259E2 /* HealthMoniterApp.swift */; };
		53B8350F292BFBC0003259E2 /* ContentView.swift in Sources */ = {isa = PBXBuildFile; fileRef = 53B8350E292BFBC0003259E2 /* ContentView.swift */; };
		53B83511292BFBC2003259E2 /* Assets.xcassets in Resources */ = {isa = PBXBuildFile; fileRef = 53B83510292BFBC2003259E2 /* Assets.xcassets */; };
		53B83514292BFBC2003259E2 /* Preview Assets.xcassets in Resources */ = {isa = PBXBuildFile; fileRef = 53B83513292BFBC2003259E2 /* Preview Assets.xcassets */; };
		53B8351B292C02BB003259E2 /* ColorExtension.swift in Sources */ = {isa = PBXBuildFile; fileRef = 53B8351A292C02BB003259E2 /* ColorExtension.swift */; };
/* End PBXBuildFile section */

/* Begin PBXFileReference section */
		256A82C7294B718D005DA7AC /* homeListButtonOne.swift */ = {isa = PBXFileReference; lastKnownFileType = sourcecode.swift; path = homeListButtonOne.swift; sourceTree = "<group>"; };
		53558E9F294264D500ECD966 /* profileScreen.swift */ = {isa = PBXFileReference; lastKnownFileType = sourcecode.swift; path = profileScreen.swift; sourceTree = "<group>"; };
		53558EC42949007D00ECD966 /* settingsScreen.swift */ = {isa = PBXFileReference; lastKnownFileType = sourcecode.swift; path = settingsScreen.swift; sourceTree = "<group>"; };
		53B83509292BFBC0003259E2 /* HealthMoniter.app */ = {isa = PBXFileReference; explicitFileType = wrapper.application; includeInIndex = 0; path = HealthMoniter.app; sourceTree = BUILT_PRODUCTS_DIR; };
		53B8350C292BFBC0003259E2 /* HealthMoniterApp.swift */ = {isa = PBXFileReference; lastKnownFileType = sourcecode.swift; path = HealthMoniterApp.swift; sourceTree = "<group>"; };
		53B8350E292BFBC0003259E2 /* ContentView.swift */ = {isa = PBXFileReference; indentWidth = 4; lastKnownFileType = sourcecode.swift; path = ContentView.swift; sourceTree = "<group>"; tabWidth = 4; usesTabs = 0; };
		53B83510292BFBC2003259E2 /* Assets.xcassets */ = {isa = PBXFileReference; lastKnownFileType = folder.assetcatalog; path = Assets.xcassets; sourceTree = "<group>"; };
		53B83513292BFBC2003259E2 /* Preview Assets.xcassets */ = {isa = PBXFileReference; lastKnownFileType = folder.assetcatalog; path = "Preview Assets.xcassets"; sourceTree = "<group>"; };
		53B8351A292C02BB003259E2 /* ColorExtension.swift */ = {isa = PBXFileReference; lastKnownFileType = sourcecode.swift; path = ColorExtension.swift; sourceTree = "<group>"; };
/* End PBXFileReference section */

/* Begin PBXFrameworksBuildPhase section */
		53B83506292BFBC0003259E2 /* Frameworks */ = {
			isa = PBXFrameworksBuildPhase;
			buildActionMask = 2147483647;
			files = (
				256A82CB294B7FF7005DA7AC /* SwiftUICharts in Frameworks */,
			);
			runOnlyForDeploymentPostprocessing = 0;
		};
/* End PBXFrameworksBuildPhase section */

/* Begin PBXGroup section */
		53B83500292BFBC0003259E2 = {
			isa = PBXGroup;
			children = (
				53B8350B292BFBC0003259E2 /* HealthMoniter */,
				53B8350A292BFBC0003259E2 /* Products */,
			);
			sourceTree = "<group>";
		};
		53B8350A292BFBC0003259E2 /* Products */ = {
			isa = PBXGroup;
			children = (
				53B83509292BFBC0003259E2 /* HealthMoniter.app */,
			);
			name = Products;
			sourceTree = "<group>";
		};
		53B8350B292BFBC0003259E2 /* HealthMoniter */ = {
			isa = PBXGroup;
			children = (
				53B8350C292BFBC0003259E2 /* HealthMoniterApp.swift */,
				53B8350E292BFBC0003259E2 /* ContentView.swift */,
				256A82C7294B718D005DA7AC /* homeListButtonOne.swift */,
				53558E9F294264D500ECD966 /* profileScreen.swift */,
				53558EC42949007D00ECD966 /* settingsScreen.swift */,
				53B8351A292C02BB003259E2 /* ColorExtension.swift */,
				53B83510292BFBC2003259E2 /* Assets.xcassets */,
				53B83512292BFBC2003259E2 /* Preview Content */,
			);
			path = HealthMoniter;
			sourceTree = "<group>";
		};
		53B83512292BFBC2003259E2 /* Preview Content */ = {
			isa = PBXGroup;
			children = (
				53B83513292BFBC2003259E2 /* Preview Assets.xcassets */,
			);
			path = "Preview Content";
			sourceTree = "<group>";
		};
/* End PBXGroup section */

/* Begin PBXNativeTarget section */
		53B83508292BFBC0003259E2 /* HealthMoniter */ = {
			isa = PBXNativeTarget;
			buildConfigurationList = 53B83517292BFBC2003259E2 /* Build configuration list for PBXNativeTarget "HealthMoniter" */;
			buildPhases = (
				53B83505292BFBC0003259E2 /* Sources */,
				53B83506292BFBC0003259E2 /* Frameworks */,
				53B83507292BFBC0003259E2 /* Resources */,
			);
			buildRules = (
			);
			dependencies = (
			);
			name = HealthMoniter;
			packageProductDependencies = (
				256A82CA294B7FF7005DA7AC /* SwiftUICharts */,
			);
			productName = HealthMoniter;
			productReference = 53B83509292BFBC0003259E2 /* HealthMoniter.app */;
			productType = "com.apple.product-type.application";
		};
/* End PBXNativeTarget section */

/* Begin PBXProject section */
		53B83501292BFBC0003259E2 /* Project object */ = {
			isa = PBXProject;
			attributes = {
				BuildIndependentTargetsInParallel = 1;
				LastSwiftUpdateCheck = 1400;
				LastUpgradeCheck = 1400;
				TargetAttributes = {
					53B83508292BFBC0003259E2 = {
						CreatedOnToolsVersion = 14.0.1;
					};
				};
			};
			buildConfigurationList = 53B83504292BFBC0003259E2 /* Build configuration list for PBXProject "HealthMoniter" */;
			compatibilityVersion = "Xcode 14.0";
			developmentRegion = en;
			hasScannedForEncodings = 0;
			knownRegions = (
				en,
				Base,
			);
			mainGroup = 53B83500292BFBC0003259E2;
			packageReferences = (
				256A82C9294B7FF7005DA7AC /* XCRemoteSwiftPackageReference "SwiftUICharts" */,
			);
			productRefGroup = 53B8350A292BFBC0003259E2 /* Products */;
			projectDirPath = "";
			projectRoot = "";
			targets = (
				53B83508292BFBC0003259E2 /* HealthMoniter */,
			);
		};
/* End PBXProject section */

/* Begin PBXResourcesBuildPhase section */
		53B83507292BFBC0003259E2 /* Resources */ = {
			isa = PBXResourcesBuildPhase;
			buildActionMask = 2147483647;
			files = (
				53B83514292BFBC2003259E2 /* Preview Assets.xcassets in Resources */,
				53B83511292BFBC2003259E2 /* Assets.xcassets in Resources */,
			);
			runOnlyForDeploymentPostprocessing = 0;
		};
/* End PBXResourcesBuildPhase section */

/* Begin PBXSourcesBuildPhase section */
		53B83505292BFBC0003259E2 /* Sources */ = {
			isa = PBXSourcesBuildPhase;
			buildActionMask = 2147483647;
			files = (
				53B8351B292C02BB003259E2 /* ColorExtension.swift in Sources */,
				53B8350F292BFBC0003259E2 /* ContentView.swift in Sources */,
				53558EC52949007D00ECD966 /* settingsScreen.swift in Sources */,
				256A82C8294B718D005DA7AC /* homeListButtonOne.swift in Sources */,
				53B8350D292BFBC0003259E2 /* HealthMoniterApp.swift in Sources */,
				53558EA0294264D500ECD966 /* profileScreen.swift in Sources */,
			);
			runOnlyForDeploymentPostprocessing = 0;
		};
/* End PBXSourcesBuildPhase section */

/* Begin XCBuildConfiguration section */
		53B83515292BFBC2003259E2 /* Debug */ = {
			isa = XCBuildConfiguration;
			buildSettings = {
				ALWAYS_SEARCH_USER_PATHS = NO;
				CLANG_ANALYZER_NONNULL = YES;
				CLANG_ANALYZER_NUMBER_OBJECT_CONVERSION = YES_AGGRESSIVE;
				CLANG_CXX_LANGUAGE_STANDARD = "gnu++20";
				CLANG_ENABLE_MODULES = YES;
				CLANG_ENABLE_OBJC_ARC = YES;
				CLANG_ENABLE_OBJC_WEAK = YES;
				CLANG_WARN_BLOCK_CAPTURE_AUTORELEASING = YES;
				CLANG_WARN_BOOL_CONVERSION = YES;
				CLANG_WARN_COMMA = YES;
				CLANG_WARN_CONSTANT_CONVERSION = YES;
				CLANG_WARN_DEPRECATED_OBJC_IMPLEMENTATIONS = YES;
				CLANG_WARN_DIRECT_OBJC_ISA_USAGE = YES_ERROR;
				CLANG_WARN_DOCUMENTATION_COMMENTS = YES;
				CLANG_WARN_EMPTY_BODY = YES;
				CLANG_WARN_ENUM_CONVERSION = YES;
				CLANG_WARN_INFINITE_RECURSION = YES;
				CLANG_WARN_INT_CONVERSION = YES;
				CLANG_WARN_NON_LITERAL_NULL_CONVERSION = YES;
				CLANG_WARN_OBJC_IMPLICIT_RETAIN_SELF = YES;
				CLANG_WARN_OBJC_LITERAL_CONVERSION = YES;
				CLANG_WARN_OBJC_ROOT_CLASS = YES_ERROR;
				CLANG_WARN_QUOTED_INCLUDE_IN_FRAMEWORK_HEADER = YES;
				CLANG_WARN_RANGE_LOOP_ANALYSIS = YES;
				CLANG_WARN_STRICT_PROTOTYPES = YES;
				CLANG_WARN_SUSPICIOUS_MOVE = YES;
				CLANG_WARN_UNGUARDED_AVAILABILITY = YES_AGGRESSIVE;
				CLANG_WARN_UNREACHABLE_CODE = YES;
				CLANG_WARN__DUPLICATE_METHOD_MATCH = YES;
				COPY_PHASE_STRIP = NO;
				DEBUG_INFORMATION_FORMAT = dwarf;
				ENABLE_STRICT_OBJC_MSGSEND = YES;
				ENABLE_TESTABILITY = YES;
				GCC_C_LANGUAGE_STANDARD = gnu11;
				GCC_DYNAMIC_NO_PIC = NO;
				GCC_NO_COMMON_BLOCKS = YES;
				GCC_OPTIMIZATION_LEVEL = 0;
				GCC_PREPROCESSOR_DEFINITIONS = (
					"DEBUG=1",
					"$(inherited)",
				);
				GCC_WARN_64_TO_32_BIT_CONVERSION = YES;
				GCC_WARN_ABOUT_RETURN_TYPE = YES_ERROR;
				GCC_WARN_UNDECLARED_SELECTOR = YES;
				GCC_WARN_UNINITIALIZED_AUTOS = YES_AGGRESSIVE;
				GCC_WARN_UNUSED_FUNCTION = YES;
				GCC_WARN_UNUSED_VARIABLE = YES;
				IPHONEOS_DEPLOYMENT_TARGET = 16.0;
				MTL_ENABLE_DEBUG_INFO = INCLUDE_SOURCE;
				MTL_FAST_MATH = YES;
				ONLY_ACTIVE_ARCH = YES;
				SDKROOT = iphoneos;
				SWIFT_ACTIVE_COMPILATION_CONDITIONS = DEBUG;
				SWIFT_OPTIMIZATION_LEVEL = "-Onone";
			};
			name = Debug;
		};
		53B83516292BFBC2003259E2 /* Release */ = {
			isa = XCBuildConfiguration;
			buildSettings = {
				ALWAYS_SEARCH_USER_PATHS = NO;
				CLANG_ANALYZER_NONNULL = YES;
				CLANG_ANALYZER_NUMBER_OBJECT_CONVERSION = YES_AGGRESSIVE;
				CLANG_CXX_LANGUAGE_STANDARD = "gnu++20";
				CLANG_ENABLE_MODULES = YES;
				CLANG_ENABLE_OBJC_ARC = YES;
				CLANG_ENABLE_OBJC_WEAK = YES;
				CLANG_WARN_BLOCK_CAPTURE_AUTORELEASING = YES;
				CLANG_WARN_BOOL_CONVERSION = YES;
				CLANG_WARN_COMMA = YES;
				CLANG_WARN_CONSTANT_CONVERSION = YES;
				CLANG_WARN_DEPRECATED_OBJC_IMPLEMENTATIONS = YES;
				CLANG_WARN_DIRECT_OBJC_ISA_USAGE = YES_ERROR;
				CLANG_WARN_DOCUMENTATION_COMMENTS = YES;
				CLANG_WARN_EMPTY_BODY = YES;
				CLANG_WARN_ENUM_CONVERSION = YES;
				CLANG_WARN_INFINITE_RECURSION = YES;
				CLANG_WARN_INT_CONVERSION = YES;
				CLANG_WARN_NON_LITERAL_NULL_CONVERSION = YES;
				CLANG_WARN_OBJC_IMPLICIT_RETAIN_SELF = YES;
				CLANG_WARN_OBJC_LITERAL_CONVERSION = YES;
				CLANG_WARN_OBJC_ROOT_CLASS = YES_ERROR;
				CLANG_WARN_QUOTED_INCLUDE_IN_FRAMEWORK_HEADER = YES;
				CLANG_WARN_RANGE_LOOP_ANALYSIS = YES;
				CLANG_WARN_STRICT_PROTOTYPES = YES;
				CLANG_WARN_SUSPICIOUS_MOVE = YES;
				CLANG_WARN_UNGUARDED_AVAILABILITY = YES_AGGRESSIVE;
				CLANG_WARN_UNREACHABLE_CODE = YES;
				CLANG_WARN__DUPLICATE_METHOD_MATCH = YES;
				COPY_PHASE_STRIP = NO;
				DEBUG_INFORMATION_FORMAT = "dwarf-with-dsym";
				ENABLE_NS_ASSERTIONS = NO;
				ENABLE_STRICT_OBJC_MSGSEND = YES;
				GCC_C_LANGUAGE_STANDARD = gnu11;
				GCC_NO_COMMON_BLOCKS = YES;
				GCC_WARN_64_TO_32_BIT_CONVERSION = YES;
				GCC_WARN_ABOUT_RETURN_TYPE = YES_ERROR;
				GCC_WARN_UNDECLARED_SELECTOR = YES;
				GCC_WARN_UNINITIALIZED_AUTOS = YES_AGGRESSIVE;
				GCC_WARN_UNUSED_FUNCTION = YES;
				GCC_WARN_UNUSED_VARIABLE = YES;
				IPHONEOS_DEPLOYMENT_TARGET = 16.0;
				MTL_ENABLE_DEBUG_INFO = NO;
				MTL_FAST_MATH = YES;
				SDKROOT = iphoneos;
				SWIFT_COMPILATION_MODE = wholemodule;
				SWIFT_OPTIMIZATION_LEVEL = "-O";
				VALIDATE_PRODUCT = YES;
			};
			name = Release;
		};
		53B83518292BFBC2003259E2 /* Debug */ = {
			isa = XCBuildConfiguration;
			buildSettings = {
				ASSETCATALOG_COMPILER_APPICON_NAME = AppIcon;
				ASSETCATALOG_COMPILER_GLOBAL_ACCENT_COLOR_NAME = AccentColor;
				CODE_SIGN_STYLE = Automatic;
				CURRENT_PROJECT_VERSION = 1;
				DEVELOPMENT_ASSET_PATHS = "\"HealthMoniter/Preview Content\"";
				DEVELOPMENT_TEAM = 4KC7SRR2YC;
				ENABLE_PREVIEWS = YES;
				GENERATE_INFOPLIST_FILE = YES;
				INFOPLIST_KEY_UIApplicationSceneManifest_Generation = YES;
				INFOPLIST_KEY_UIApplicationSupportsIndirectInputEvents = YES;
				INFOPLIST_KEY_UILaunchScreen_Generation = YES;
				INFOPLIST_KEY_UISupportedInterfaceOrientations_iPad = "UIInterfaceOrientationPortrait UIInterfaceOrientationPortraitUpsideDown UIInterfaceOrientationLandscapeLeft UIInterfaceOrientationLandscapeRight";
				INFOPLIST_KEY_UISupportedInterfaceOrientations_iPhone = "UIInterfaceOrientationPortrait UIInterfaceOrientationLandscapeLeft UIInterfaceOrientationLandscapeRight";
				LD_RUNPATH_SEARCH_PATHS = (
					"$(inherited)",
					"@executable_path/Frameworks",
				);
				MARKETING_VERSION = 1.0;
				PRODUCT_BUNDLE_IDENTIFIER = com.mikdocproject.HealthMoniter;
				PRODUCT_NAME = "$(TARGET_NAME)";
				SWIFT_EMIT_LOC_STRINGS = YES;
				SWIFT_VERSION = 5.0;
				TARGETED_DEVICE_FAMILY = "1,2";
			};
			name = Debug;
		};
		53B83519292BFBC2003259E2 /* Release */ = {
			isa = XCBuildConfiguration;
			buildSettings = {
				ASSETCATALOG_COMPILER_APPICON_NAME = AppIcon;
				ASSETCATALOG_COMPILER_GLOBAL_ACCENT_COLOR_NAME = AccentColor;
				CODE_SIGN_STYLE = Automatic;
				CURRENT_PROJECT_VERSION = 1;
				DEVELOPMENT_ASSET_PATHS = "\"HealthMoniter/Preview Content\"";
				DEVELOPMENT_TEAM = 4KC7SRR2YC;
				ENABLE_PREVIEWS = YES;
				GENERATE_INFOPLIST_FILE = YES;
				INFOPLIST_KEY_UIApplicationSceneManifest_Generation = YES;
				INFOPLIST_KEY_UIApplicationSupportsIndirectInputEvents = YES;
				INFOPLIST_KEY_UILaunchScreen_Generation = YES;
				INFOPLIST_KEY_UISupportedInterfaceOrientations_iPad = "UIInterfaceOrientationPortrait UIInterfaceOrientationPortraitUpsideDown UIInterfaceOrientationLandscapeLeft UIInterfaceOrientationLandscapeRight";
				INFOPLIST_KEY_UISupportedInterfaceOrientations_iPhone = "UIInterfaceOrientationPortrait UIInterfaceOrientationLandscapeLeft UIInterfaceOrientationLandscapeRight";
				LD_RUNPATH_SEARCH_PATHS = (
					"$(inherited)",
					"@executable_path/Frameworks",
				);
				MARKETING_VERSION = 1.0;
				PRODUCT_BUNDLE_IDENTIFIER = com.mikdocproject.HealthMoniter;
				PRODUCT_NAME = "$(TARGET_NAME)";
				SWIFT_EMIT_LOC_STRINGS = YES;
				SWIFT_VERSION = 5.0;
				TARGETED_DEVICE_FAMILY = "1,2";
			};
			name = Release;
		};
/* End XCBuildConfiguration section */

/* Begin XCConfigurationList section */
		53B83504292BFBC0003259E2 /* Build configuration list for PBXProject "HealthMoniter" */ = {
			isa = XCConfigurationList;
			buildConfigurations = (
				53B83515292BFBC2003259E2 /* Debug */,
				53B83516292BFBC2003259E2 /* Release */,
			);
			defaultConfigurationIsVisible = 0;
			defaultConfigurationName = Release;
		};
		53B83517292BFBC2003259E2 /* Build configuration list for PBXNativeTarget "HealthMoniter" */ = {
			isa = XCConfigurationList;
			buildConfigurations = (
				53B83518292BFBC2003259E2 /* Debug */,
				53B83519292BFBC2003259E2 /* Release */,
			);
			defaultConfigurationIsVisible = 0;
			defaultConfigurationName = Release;
		};
/* End XCConfigurationList section */

/* Begin XCRemoteSwiftPackageReference section */
		256A82C9294B7FF7005DA7AC /* XCRemoteSwiftPackageReference "SwiftUICharts" */ = {
			isa = XCRemoteSwiftPackageReference;
			repositoryURL = "https://github.com/mecid/SwiftUICharts";
			requirement = {
				kind = upToNextMajorVersion;
				minimumVersion = 0.8.1;
			};
		};
/* End XCRemoteSwiftPackageReference section */

/* Begin XCSwiftPackageProductDependency section */
		256A82CA294B7FF7005DA7AC /* SwiftUICharts */ = {
			isa = XCSwiftPackageProductDependency;
			package = 256A82C9294B7FF7005DA7AC /* XCRemoteSwiftPackageReference "SwiftUICharts" */;
			productName = SwiftUICharts;
		};
/* End XCSwiftPackageProductDependency section */
	};
	rootObject = 53B83501292BFBC0003259E2 /* Project object */;
}
